
Microsoft Visual Studio Solution File, Format Version 12.00
# Visual Studio 15
VisualStudioVersion = 15.0.28307.271
MinimumVisualStudioVersion = 10.0.40219.1
Project("{FAE04EC0-301F-11D3-BF4B-00C04F79EFBC}") = "Neurotolge Plugin", "Neurotolge Plugin\Neurotolge Plugin.csproj", "{FC03904E-FC69-454D-A9B1-CDC3F34534D8}"
EndProject
Global
	GlobalSection(SolutionConfigurationPlatforms) = preSolution
		Debug|Any CPU = Debug|Any CPU
		Release|Any CPU = Release|Any CPU
	EndGlobalSection
	GlobalSection(ProjectConfigurationPlatforms) = postSolution
		{FC03904E-FC69-454D-A9B1-CDC3F34534D8}.Debug|Any CPU.ActiveCfg = Debug|Any CPU
		{FC03904E-FC69-454D-A9B1-CDC3F34534D8}.Debug|Any CPU.Build.0 = Debug|Any CPU
		{FC03904E-FC69-454D-A9B1-CDC3F34534D8}.Release|Any CPU.ActiveCfg = Release|Any CPU
		{FC03904E-FC69-454D-A9B1-CDC3F34534D8}.Release|Any CPU.Build.0 = Release|Any CPU
	EndGlobalSection
	GlobalSection(SolutionProperties) = preSolution
		HideSolutionNode = FALSE
	EndGlobalSection
	GlobalSection(ExtensibilityGlobals) = postSolution
		SolutionGuid = {97FEB730-158F-4009-8036-E2519046D13D}
	EndGlobalSection
EndGlobal
